
Microsoft Visual Studio Solution File, Format Version 12.00
# Visual Studio 15
VisualStudioVersion = 15.0.27703.2042
MinimumVisualStudioVersion = 10.0.40219.1
Project("{FAE04EC0-301F-11D3-BF4B-00C04F79EFBC}") = "orm-ornek", "orm-ornek\orm-ornek.csproj", "{F7CEBE5A-ABAC-4492-84DA-C7704B090A3C}"
EndProject
Global
	GlobalSection(SolutionConfigurationPlatforms) = preSolution
		Debug|Any CPU = Debug|Any CPU
		Release|Any CPU = Release|Any CPU
	EndGlobalSection
	GlobalSection(ProjectConfigurationPlatforms) = postSolution
		{F7CEBE5A-ABAC-4492-84DA-C7704B090A3C}.Debug|Any CPU.ActiveCfg = Debug|Any CPU
		{F7CEBE5A-ABAC-4492-84DA-C7704B090A3C}.Debug|Any CPU.Build.0 = Debug|Any CPU
		{F7CEBE5A-ABAC-4492-84DA-C7704B090A3C}.Release|Any CPU.ActiveCfg = Release|Any CPU
		{F7CEBE5A-ABAC-4492-84DA-C7704B090A3C}.Release|Any CPU.Build.0 = Release|Any CPU
	EndGlobalSection
	GlobalSection(SolutionProperties) = preSolution
		HideSolutionNode = FALSE
	EndGlobalSection
	GlobalSection(ExtensibilityGlobals) = postSolution
		SolutionGuid = {619A09DE-E156-4663-943E-B4E7579F7E70}
	EndGlobalSection
EndGlobal
